// !$*UTF8*$!
{
	archiveVersion = 1;
	classes = {
	};
	objectVersion = 46;
	objects = {

/* Begin PBXBuildFile section */
		66FF1DBA13879AEF009E4F89 /* UIKit.framework in Frameworks */ = {isa = PBXBuildFile; fileRef = 66FF1DB913879AEF009E4F89 /* UIKit.framework */; };
		66FF1DBC13879AEF009E4F89 /* Foundation.framework in Frameworks */ = {isa = PBXBuildFile; fileRef = 66FF1DBB13879AEF009E4F89 /* Foundation.framework */; };
		66FF1DBE13879AEF009E4F89 /* CoreGraphics.framework in Frameworks */ = {isa = PBXBuildFile; fileRef = 66FF1DBD13879AEF009E4F89 /* CoreGraphics.framework */; };
		66FF1DC013879AEF009E4F89 /* CoreData.framework in Frameworks */ = {isa = PBXBuildFile; fileRef = 66FF1DBF13879AEF009E4F89 /* CoreData.framework */; };
		66FF1DC613879AEF009E4F89 /* InfoPlist.strings in Resources */ = {isa = PBXBuildFile; fileRef = 66FF1DC413879AEF009E4F89 /* InfoPlist.strings */; };
		66FF1DC913879AEF009E4F89 /* main.m in Sources */ = {isa = PBXBuildFile; fileRef = 66FF1DC813879AEF009E4F89 /* main.m */; };
		66FF1DCC13879AEF009E4F89 /* BreadcrumbsAppDelegate.m in Sources */ = {isa = PBXBuildFile; fileRef = 66FF1DCB13879AEF009E4F89 /* BreadcrumbsAppDelegate.m */; };
		66FF1DCF13879AEF009E4F89 /* MainWindow.xib in Resources */ = {isa = PBXBuildFile; fileRef = 66FF1DCD13879AEF009E4F89 /* MainWindow.xib */; };
		66FF1DD213879AEF009E4F89 /* Breadcrumbs.xcdatamodeld in Sources */ = {isa = PBXBuildFile; fileRef = 66FF1DD013879AEF009E4F89 /* Breadcrumbs.xcdatamodeld */; };
		66FF1DDE13886DEF009E4F89 /* NoteCell.xib in Resources */ = {isa = PBXBuildFile; fileRef = 66FF1DDD13886DEF009E4F89 /* NoteCell.xib */; };
		66FF1DE21388740B009E4F89 /* 43-film-roll.png in Resources */ = {isa = PBXBuildFile; fileRef = 66FF1DE01388740B009E4F89 /* 43-film-roll.png */; };
		66FF1DE31388740B009E4F89 /* 43-film-roll@2x.png in Resources */ = {isa = PBXBuildFile; fileRef = 66FF1DE11388740B009E4F89 /* 43-film-roll@2x.png */; };
		66FF1DE61388741C009E4F89 /* 45-movie-1.png in Resources */ = {isa = PBXBuildFile; fileRef = 66FF1DE41388741C009E4F89 /* 45-movie-1.png */; };
		66FF1DE71388741C009E4F89 /* 45-movie-1@2x.png in Resources */ = {isa = PBXBuildFile; fileRef = 66FF1DE51388741C009E4F89 /* 45-movie-1@2x.png */; };
		66FF1DEA1388743B009E4F89 /* 66-microphone.png in Resources */ = {isa = PBXBuildFile; fileRef = 66FF1DE81388743B009E4F89 /* 66-microphone.png */; };
		66FF1DEB1388743B009E4F89 /* 66-microphone@2x.png in Resources */ = {isa = PBXBuildFile; fileRef = 66FF1DE91388743B009E4F89 /* 66-microphone@2x.png */; };
		66FF1DEE1388763C009E4F89 /* 68-paperclip.png in Resources */ = {isa = PBXBuildFile; fileRef = 66FF1DEC1388763C009E4F89 /* 68-paperclip.png */; };
		66FF1DEF1388763C009E4F89 /* 68-paperclip@2x.png in Resources */ = {isa = PBXBuildFile; fileRef = 66FF1DED1388763C009E4F89 /* 68-paperclip@2x.png */; };
		66FF1DF31388768F009E4F89 /* CoreDataTableViewController.m in Sources */ = {isa = PBXBuildFile; fileRef = 66FF1DF21388768F009E4F89 /* CoreDataTableViewController.m */; };
		66FF1E04138899D6009E4F89 /* NotesViewController.m in Sources */ = {isa = PBXBuildFile; fileRef = 66FF1E03138899D6009E4F89 /* NotesViewController.m */; };
		66FF1E261388C25E009E4F89 /* Attachment_Types.m in Sources */ = {isa = PBXBuildFile; fileRef = 66FF1E251388C25E009E4F89 /* Attachment_Types.m */; };
		66FF1E291388C34D009E4F89 /* Attachment.m in Sources */ = {isa = PBXBuildFile; fileRef = 66FF1E281388C34D009E4F89 /* Attachment.m */; };
		66FF1E2C1388C34E009E4F89 /* Note.m in Sources */ = {isa = PBXBuildFile; fileRef = 66FF1E2B1388C34E009E4F89 /* Note.m */; };
		66FF1E2F1388C34E009E4F89 /* Tag.m in Sources */ = {isa = PBXBuildFile; fileRef = 66FF1E2E1388C34E009E4F89 /* Tag.m */; };
		66FF1E321388C866009E4F89 /* Note_Create.m in Sources */ = {isa = PBXBuildFile; fileRef = 66FF1E311388C866009E4F89 /* Note_Create.m */; };
		66FF1E361388CB9D009E4F89 /* MKMapView_ZoomToFit.m in Sources */ = {isa = PBXBuildFile; fileRef = 66FF1E351388CB9D009E4F89 /* MKMapView_ZoomToFit.m */; };
		66FF1E391388CC30009E4F89 /* NSManagedObjectContext_Autosave.m in Sources */ = {isa = PBXBuildFile; fileRef = 66FF1E381388CC30009E4F89 /* NSManagedObjectContext_Autosave.m */; };
/* End PBXBuildFile section */

/* Begin PBXFileReference section */
		66FF1DB513879AEF009E4F89 /* Breadcrumbs.app */ = {isa = PBXFileReference; explicitFileType = wrapper.application; includeInIndex = 0; path = Breadcrumbs.app; sourceTree = BUILT_PRODUCTS_DIR; };
		66FF1DB913879AEF009E4F89 /* UIKit.framework */ = {isa = PBXFileReference; lastKnownFileType = wrapper.framework; name = UIKit.framework; path = System/Library/Frameworks/UIKit.framework; sourceTree = SDKROOT; };
		66FF1DBB13879AEF009E4F89 /* Foundation.framework */ = {isa = PBXFileReference; lastKnownFileType = wrapper.framework; name = Foundation.framework; path = System/Library/Frameworks/Foundation.framework; sourceTree = SDKROOT; };
		66FF1DBD13879AEF009E4F89 /* CoreGraphics.framework */ = {isa = PBXFileReference; lastKnownFileType = wrapper.framework; name = CoreGraphics.framework; path = System/Library/Frameworks/CoreGraphics.framework; sourceTree = SDKROOT; };
		66FF1DBF13879AEF009E4F89 /* CoreData.framework */ = {isa = PBXFileReference; lastKnownFileType = wrapper.framework; name = CoreData.framework; path = System/Library/Frameworks/CoreData.framework; sourceTree = SDKROOT; };
		66FF1DC313879AEF009E4F89 /* Breadcrumbs-Info.plist */ = {isa = PBXFileReference; lastKnownFileType = text.plist.xml; path = "Breadcrumbs-Info.plist"; sourceTree = "<group>"; };
		66FF1DC513879AEF009E4F89 /* en */ = {isa = PBXFileReference; lastKnownFileType = text.plist.strings; name = en; path = en.lproj/InfoPlist.strings; sourceTree = "<group>"; };
		66FF1DC713879AEF009E4F89 /* Breadcrumbs-Prefix.pch */ = {isa = PBXFileReference; lastKnownFileType = sourcecode.c.h; path = "Breadcrumbs-Prefix.pch"; sourceTree = "<group>"; };
		66FF1DC813879AEF009E4F89 /* main.m */ = {isa = PBXFileReference; lastKnownFileType = sourcecode.c.objc; path = main.m; sourceTree = "<group>"; };
		66FF1DCA13879AEF009E4F89 /* BreadcrumbsAppDelegate.h */ = {isa = PBXFileReference; lastKnownFileType = sourcecode.c.h; path = BreadcrumbsAppDelegate.h; sourceTree = "<group>"; };
		66FF1DCB13879AEF009E4F89 /* BreadcrumbsAppDelegate.m */ = {isa = PBXFileReference; lastKnownFileType = sourcecode.c.objc; path = BreadcrumbsAppDelegate.m; sourceTree = "<group>"; };
		66FF1DCE13879AEF009E4F89 /* en */ = {isa = PBXFileReference; lastKnownFileType = file.xib; name = en; path = en.lproj/MainWindow.xib; sourceTree = "<group>"; };
		66FF1DD113879AEF009E4F89 /* Breadcrumbs.xcdatamodel */ = {isa = PBXFileReference; lastKnownFileType = wrapper.xcdatamodel; path = Breadcrumbs.xcdatamodel; sourceTree = "<group>"; };
		66FF1DDD13886DEF009E4F89 /* NoteCell.xib */ = {isa = PBXFileReference; fileEncoding = 4; lastKnownFileType = file.xib; path = NoteCell.xib; sourceTree = "<group>"; };
		66FF1DE01388740B009E4F89 /* 43-film-roll.png */ = {isa = PBXFileReference; lastKnownFileType = image.png; path = "43-film-roll.png"; sourceTree = "<group>"; };
		66FF1DE11388740B009E4F89 /* 43-film-roll@2x.png */ = {isa = PBXFileReference; lastKnownFileType = image.png; path = "43-film-roll@2x.png"; sourceTree = "<group>"; };
		66FF1DE41388741C009E4F89 /* 45-movie-1.png */ = {isa = PBXFileReference; lastKnownFileType = image.png; path = "45-movie-1.png"; sourceTree = "<group>"; };
		66FF1DE51388741C009E4F89 /* 45-movie-1@2x.png */ = {isa = PBXFileReference; lastKnownFileType = image.png; path = "45-movie-1@2x.png"; sourceTree = "<group>"; };
		66FF1DE81388743B009E4F89 /* 66-microphone.png */ = {isa = PBXFileReference; lastKnownFileType = image.png; path = "66-microphone.png"; sourceTree = "<group>"; };
		66FF1DE91388743B009E4F89 /* 66-microphone@2x.png */ = {isa = PBXFileReference; lastKnownFileType = image.png; path = "66-microphone@2x.png"; sourceTree = "<group>"; };
		66FF1DEC1388763C009E4F89 /* 68-paperclip.png */ = {isa = PBXFileReference; lastKnownFileType = image.png; path = "68-paperclip.png"; sourceTree = "<group>"; };
		66FF1DED1388763C009E4F89 /* 68-paperclip@2x.png */ = {isa = PBXFileReference; lastKnownFileType = image.png; path = "68-paperclip@2x.png"; sourceTree = "<group>"; };
		66FF1DF11388768F009E4F89 /* CoreDataTableViewController.h */ = {isa = PBXFileReference; fileEncoding = 4; lastKnownFileType = sourcecode.c.h; path = CoreDataTableViewController.h; sourceTree = "<group>"; };
		66FF1DF21388768F009E4F89 /* CoreDataTableViewController.m */ = {isa = PBXFileReference; fileEncoding = 4; lastKnownFileType = sourcecode.c.objc; path = CoreDataTableViewController.m; sourceTree = "<group>"; };
		66FF1E02138899D6009E4F89 /* NotesViewController.h */ = {isa = PBXFileReference; fileEncoding = 4; lastKnownFileType = sourcecode.c.h; path = NotesViewController.h; sourceTree = "<group>"; };
		66FF1E03138899D6009E4F89 /* NotesViewController.m */ = {isa = PBXFileReference; fileEncoding = 4; lastKnownFileType = sourcecode.c.objc; path = NotesViewController.m; sourceTree = "<group>"; };
		66FF1E241388C25E009E4F89 /* Attachment_Types.h */ = {isa = PBXFileReference; fileEncoding = 4; lastKnownFileType = sourcecode.c.h; path = Attachment_Types.h; sourceTree = "<group>"; };
		66FF1E251388C25E009E4F89 /* Attachment_Types.m */ = {isa = PBXFileReference; fileEncoding = 4; lastKnownFileType = sourcecode.c.objc; path = Attachment_Types.m; sourceTree = "<group>"; };
		66FF1E271388C34D009E4F89 /* Attachment.h */ = {isa = PBXFileReference; fileEncoding = 4; lastKnownFileType = sourcecode.c.h; path = Attachment.h; sourceTree = "<group>"; };
		66FF1E281388C34D009E4F89 /* Attachment.m */ = {isa = PBXFileReference; fileEncoding = 4; lastKnownFileType = sourcecode.c.objc; path = Attachment.m; sourceTree = "<group>"; };
		66FF1E2A1388C34D009E4F89 /* Note.h */ = {isa = PBXFileReference; fileEncoding = 4; lastKnownFileType = sourcecode.c.h; path = Note.h; sourceTree = "<group>"; };
		66FF1E2B1388C34E009E4F89 /* Note.m */ = {isa = PBXFileReference; fileEncoding = 4; lastKnownFileType = sourcecode.c.objc; path = Note.m; sourceTree = "<group>"; };
		66FF1E2D1388C34E009E4F89 /* Tag.h */ = {isa = PBXFileReference; fileEncoding = 4; lastKnownFileType = sourcecode.c.h; path = Tag.h; sourceTree = "<group>"; };
		66FF1E2E1388C34E009E4F89 /* Tag.m */ = {isa = PBXFileReference; fileEncoding = 4; lastKnownFileType = sourcecode.c.objc; path = Tag.m; sourceTree = "<group>"; };
		66FF1E301388C866009E4F89 /* Note_Create.h */ = {isa = PBXFileReference; fileEncoding = 4; lastKnownFileType = sourcecode.c.h; path = Note_Create.h; sourceTree = "<group>"; };
		66FF1E311388C866009E4F89 /* Note_Create.m */ = {isa = PBXFileReference; fileEncoding = 4; lastKnownFileType = sourcecode.c.objc; path = Note_Create.m; sourceTree = "<group>"; };
		66FF1E341388CB9D009E4F89 /* MKMapView_ZoomToFit.h */ = {isa = PBXFileReference; fileEncoding = 4; lastKnownFileType = sourcecode.c.h; path = MKMapView_ZoomToFit.h; sourceTree = "<group>"; };
		66FF1E351388CB9D009E4F89 /* MKMapView_ZoomToFit.m */ = {isa = PBXFileReference; fileEncoding = 4; lastKnownFileType = sourcecode.c.objc; path = MKMapView_ZoomToFit.m; sourceTree = "<group>"; };
		66FF1E371388CC30009E4F89 /* NSManagedObjectContext_Autosave.h */ = {isa = PBXFileReference; fileEncoding = 4; lastKnownFileType = sourcecode.c.h; path = NSManagedObjectContext_Autosave.h; sourceTree = "<group>"; };
		66FF1E381388CC30009E4F89 /* NSManagedObjectContext_Autosave.m */ = {isa = PBXFileReference; fileEncoding = 4; lastKnownFileType = sourcecode.c.objc; path = NSManagedObjectContext_Autosave.m; sourceTree = "<group>"; };
/* End PBXFileReference section */

/* Begin PBXFrameworksBuildPhase section */
		66FF1DB213879AEF009E4F89 /* Frameworks */ = {
			isa = PBXFrameworksBuildPhase;
			buildActionMask = 2147483647;
			files = (
				66FF1DBA13879AEF009E4F89 /* UIKit.framework in Frameworks */,
				66FF1DBC13879AEF009E4F89 /* Foundation.framework in Frameworks */,
				66FF1DBE13879AEF009E4F89 /* CoreGraphics.framework in Frameworks */,
				66FF1DC013879AEF009E4F89 /* CoreData.framework in Frameworks */,
			);
			runOnlyForDeploymentPostprocessing = 0;
		};
/* End PBXFrameworksBuildPhase section */

/* Begin PBXGroup section */
		66FF1DAA13879AEF009E4F89 = {
			isa = PBXGroup;
			children = (
				66FF1DC113879AEF009E4F89 /* Breadcrumbs */,
				66FF1DB813879AEF009E4F89 /* Frameworks */,
				66FF1DB613879AEF009E4F89 /* Products */,
			);
			sourceTree = "<group>";
		};
		66FF1DB613879AEF009E4F89 /* Products */ = {
			isa = PBXGroup;
			children = (
				66FF1DB513879AEF009E4F89 /* Breadcrumbs.app */,
			);
			name = Products;
			sourceTree = "<group>";
		};
		66FF1DB813879AEF009E4F89 /* Frameworks */ = {
			isa = PBXGroup;
			children = (
				66FF1DB913879AEF009E4F89 /* UIKit.framework */,
				66FF1DBB13879AEF009E4F89 /* Foundation.framework */,
				66FF1DBD13879AEF009E4F89 /* CoreGraphics.framework */,
				66FF1DBF13879AEF009E4F89 /* CoreData.framework */,
			);
			name = Frameworks;
			sourceTree = "<group>";
		};
		66FF1DC113879AEF009E4F89 /* Breadcrumbs */ = {
			isa = PBXGroup;
			children = (
				66FF1E331388CB8D009E4F89 /* Categories */,
				66FF1DCA13879AEF009E4F89 /* BreadcrumbsAppDelegate.h */,
				66FF1DCB13879AEF009E4F89 /* BreadcrumbsAppDelegate.m */,
				66FF1E0E1388B6FB009E4F89 /* Managed Objects */,
				66FF1E0D13889E7C009E4F89 /* Assets */,
				66FF1DF013887669009E4F89 /* Core Data TVC */,
				66FF1DCD13879AEF009E4F89 /* MainWindow.xib */,
				66FF1DD013879AEF009E4F89 /* Breadcrumbs.xcdatamodeld */,
				66FF1DC213879AEF009E4F89 /* Supporting Files */,
				66FF1DDF13886E98009E4F89 /* Notes Browser */,
			);
			path = Breadcrumbs;
			sourceTree = "<group>";
		};
		66FF1DC213879AEF009E4F89 /* Supporting Files */ = {
			isa = PBXGroup;
			children = (
				66FF1DC313879AEF009E4F89 /* Breadcrumbs-Info.plist */,
				66FF1DC413879AEF009E4F89 /* InfoPlist.strings */,
				66FF1DC713879AEF009E4F89 /* Breadcrumbs-Prefix.pch */,
				66FF1DC813879AEF009E4F89 /* main.m */,
			);
			name = "Supporting Files";
			sourceTree = "<group>";
		};
		66FF1DDF13886E98009E4F89 /* Notes Browser */ = {
			isa = PBXGroup;
			children = (
				66FF1E02138899D6009E4F89 /* NotesViewController.h */,
				66FF1E03138899D6009E4F89 /* NotesViewController.m */,
				66FF1DDD13886DEF009E4F89 /* NoteCell.xib */,
			);
			name = "Notes Browser";
			sourceTree = "<group>";
		};
		66FF1DF013887669009E4F89 /* Core Data TVC */ = {
			isa = PBXGroup;
			children = (
				66FF1DF11388768F009E4F89 /* CoreDataTableViewController.h */,
				66FF1DF21388768F009E4F89 /* CoreDataTableViewController.m */,
			);
			name = "Core Data TVC";
			sourceTree = "<group>";
		};
		66FF1E0D13889E7C009E4F89 /* Assets */ = {
			isa = PBXGroup;
			children = (
				66FF1DE01388740B009E4F89 /* 43-film-roll.png */,
				66FF1DE11388740B009E4F89 /* 43-film-roll@2x.png */,
				66FF1DE41388741C009E4F89 /* 45-movie-1.png */,
				66FF1DE51388741C009E4F89 /* 45-movie-1@2x.png */,
				66FF1DE81388743B009E4F89 /* 66-microphone.png */,
				66FF1DE91388743B009E4F89 /* 66-microphone@2x.png */,
				66FF1DEC1388763C009E4F89 /* 68-paperclip.png */,
				66FF1DED1388763C009E4F89 /* 68-paperclip@2x.png */,
			);
			name = Assets;
			sourceTree = "<group>";
		};
		66FF1E0E1388B6FB009E4F89 /* Managed Objects */ = {
			isa = PBXGroup;
			children = (
				66FF1E271388C34D009E4F89 /* Attachment.h */,
				66FF1E281388C34D009E4F89 /* Attachment.m */,
				66FF1E241388C25E009E4F89 /* Attachment_Types.h */,
				66FF1E251388C25E009E4F89 /* Attachment_Types.m */,
				66FF1E2A1388C34D009E4F89 /* Note.h */,
				66FF1E2B1388C34E009E4F89 /* Note.m */,
				66FF1E301388C866009E4F89 /* Note_Create.h */,
				66FF1E311388C866009E4F89 /* Note_Create.m */,
				66FF1E2D1388C34E009E4F89 /* Tag.h */,
				66FF1E2E1388C34E009E4F89 /* Tag.m */,
			);
			name = "Managed Objects";
			sourceTree = "<group>";
		};
		66FF1E331388CB8D009E4F89 /* Categories */ = {
			isa = PBXGroup;
			children = (
				66FF1E341388CB9D009E4F89 /* MKMapView_ZoomToFit.h */,
				66FF1E351388CB9D009E4F89 /* MKMapView_ZoomToFit.m */,
				66FF1E371388CC30009E4F89 /* NSManagedObjectContext_Autosave.h */,
				66FF1E381388CC30009E4F89 /* NSManagedObjectContext_Autosave.m */,
			);
			name = Categories;
			sourceTree = "<group>";
		};
/* End PBXGroup section */

/* Begin PBXNativeTarget section */
		66FF1DB413879AEF009E4F89 /* Breadcrumbs */ = {
			isa = PBXNativeTarget;
			buildConfigurationList = 66FF1DD513879AEF009E4F89 /* Build configuration list for PBXNativeTarget "Breadcrumbs" */;
			buildPhases = (
				66FF1DB113879AEF009E4F89 /* Sources */,
				66FF1DB213879AEF009E4F89 /* Frameworks */,
				66FF1DB313879AEF009E4F89 /* Resources */,
			);
			buildRules = (
			);
			dependencies = (
			);
			name = Breadcrumbs;
			productName = Breadcrumbs;
			productReference = 66FF1DB513879AEF009E4F89 /* Breadcrumbs.app */;
			productType = "com.apple.product-type.application";
		};
/* End PBXNativeTarget section */

/* Begin PBXProject section */
		66FF1DAC13879AEF009E4F89 /* Project object */ = {
			isa = PBXProject;
			buildConfigurationList = 66FF1DAF13879AEF009E4F89 /* Build configuration list for PBXProject "Breadcrumbs" */;
			compatibilityVersion = "Xcode 3.2";
			developmentRegion = English;
			hasScannedForEncodings = 0;
			knownRegions = (
				en,
			);
			mainGroup = 66FF1DAA13879AEF009E4F89;
			productRefGroup = 66FF1DB613879AEF009E4F89 /* Products */;
			projectDirPath = "";
			projectRoot = "";
			targets = (
				66FF1DB413879AEF009E4F89 /* Breadcrumbs */,
			);
		};
/* End PBXProject section */

/* Begin PBXResourcesBuildPhase section */
		66FF1DB313879AEF009E4F89 /* Resources */ = {
			isa = PBXResourcesBuildPhase;
			buildActionMask = 2147483647;
			files = (
				66FF1DC613879AEF009E4F89 /* InfoPlist.strings in Resources */,
				66FF1DCF13879AEF009E4F89 /* MainWindow.xib in Resources */,
				66FF1DDE13886DEF009E4F89 /* NoteCell.xib in Resources */,
				66FF1DE21388740B009E4F89 /* 43-film-roll.png in Resources */,
				66FF1DE31388740B009E4F89 /* 43-film-roll@2x.png in Resources */,
				66FF1DE61388741C009E4F89 /* 45-movie-1.png in Resources */,
				66FF1DE71388741C009E4F89 /* 45-movie-1@2x.png in Resources */,
				66FF1DEA1388743B009E4F89 /* 66-microphone.png in Resources */,
				66FF1DEB1388743B009E4F89 /* 66-microphone@2x.png in Resources */,
				66FF1DEE1388763C009E4F89 /* 68-paperclip.png in Resources */,
				66FF1DEF1388763C009E4F89 /* 68-paperclip@2x.png in Resources */,
			);
			runOnlyForDeploymentPostprocessing = 0;
		};
/* End PBXResourcesBuildPhase section */

/* Begin PBXSourcesBuildPhase section */
		66FF1DB113879AEF009E4F89 /* Sources */ = {
			isa = PBXSourcesBuildPhase;
			buildActionMask = 2147483647;
			files = (
				66FF1DC913879AEF009E4F89 /* main.m in Sources */,
				66FF1DCC13879AEF009E4F89 /* BreadcrumbsAppDelegate.m in Sources */,
				66FF1DD213879AEF009E4F89 /* Breadcrumbs.xcdatamodeld in Sources */,
				66FF1DF31388768F009E4F89 /* CoreDataTableViewController.m in Sources */,
				66FF1E04138899D6009E4F89 /* NotesViewController.m in Sources */,
				66FF1E261388C25E009E4F89 /* Attachment_Types.m in Sources */,
				66FF1E291388C34D009E4F89 /* Attachment.m in Sources */,
				66FF1E2C1388C34E009E4F89 /* Note.m in Sources */,
				66FF1E2F1388C34E009E4F89 /* Tag.m in Sources */,
				66FF1E321388C866009E4F89 /* Note_Create.m in Sources */,
				66FF1E361388CB9D009E4F89 /* MKMapView_ZoomToFit.m in Sources */,
				66FF1E391388CC30009E4F89 /* NSManagedObjectContext_Autosave.m in Sources */,
			);
			runOnlyForDeploymentPostprocessing = 0;
		};
/* End PBXSourcesBuildPhase section */

/* Begin PBXVariantGroup section */
		66FF1DC413879AEF009E4F89 /* InfoPlist.strings */ = {
			isa = PBXVariantGroup;
			children = (
				66FF1DC513879AEF009E4F89 /* en */,
			);
			name = InfoPlist.strings;
			sourceTree = "<group>";
		};
		66FF1DCD13879AEF009E4F89 /* MainWindow.xib */ = {
			isa = PBXVariantGroup;
			children = (
				66FF1DCE13879AEF009E4F89 /* en */,
			);
			name = MainWindow.xib;
			sourceTree = "<group>";
		};
/* End PBXVariantGroup section */

/* Begin XCBuildConfiguration section */
		66FF1DD313879AEF009E4F89 /* Debug */ = {
			isa = XCBuildConfiguration;
			buildSettings = {
				ARCHS = "$(ARCHS_STANDARD_32_BIT)";
				"CODE_SIGN_IDENTITY[sdk=iphoneos*]" = "iPhone Developer";
				GCC_C_LANGUAGE_STANDARD = gnu99;
				GCC_OPTIMIZATION_LEVEL = 0;
				GCC_PREPROCESSOR_DEFINITIONS = DEBUG;
				GCC_SYMBOLS_PRIVATE_EXTERN = NO;
				GCC_VERSION = com.apple.compilers.llvmgcc42;
				GCC_WARN_ABOUT_RETURN_TYPE = YES;
				GCC_WARN_UNUSED_VARIABLE = YES;
				IPHONEOS_DEPLOYMENT_TARGET = 4.3;
				SDKROOT = iphoneos;
			};
			name = Debug;
		};
		66FF1DD413879AEF009E4F89 /* Release */ = {
			isa = XCBuildConfiguration;
			buildSettings = {
				ARCHS = "$(ARCHS_STANDARD_32_BIT)";
				"CODE_SIGN_IDENTITY[sdk=iphoneos*]" = "iPhone Developer";
				GCC_C_LANGUAGE_STANDARD = gnu99;
				GCC_VERSION = com.apple.compilers.llvmgcc42;
				GCC_WARN_ABOUT_RETURN_TYPE = YES;
				GCC_WARN_UNUSED_VARIABLE = YES;
				IPHONEOS_DEPLOYMENT_TARGET = 4.3;
				OTHER_CFLAGS = "-DNS_BLOCK_ASSERTIONS=1";
				SDKROOT = iphoneos;
			};
			name = Release;
		};
		66FF1DD613879AEF009E4F89 /* Debug */ = {
			isa = XCBuildConfiguration;
			buildSettings = {
				ALWAYS_SEARCH_USER_PATHS = NO;
				COPY_PHASE_STRIP = NO;
				GCC_DYNAMIC_NO_PIC = NO;
				GCC_PRECOMPILE_PREFIX_HEADER = YES;
				GCC_PREFIX_HEADER = "Breadcrumbs/Breadcrumbs-Prefix.pch";
				INFOPLIST_FILE = "Breadcrumbs/Breadcrumbs-Info.plist";
				PRODUCT_NAME = "$(TARGET_NAME)";
				WRAPPER_EXTENSION = app;
			};
			name = Debug;
		};
		66FF1DD713879AEF009E4F89 /* Release */ = {
			isa = XCBuildConfiguration;
			buildSettings = {
				ALWAYS_SEARCH_USER_PATHS = NO;
				COPY_PHASE_STRIP = YES;
				GCC_PRECOMPILE_PREFIX_HEADER = YES;
				GCC_PREFIX_HEADER = "Breadcrumbs/Breadcrumbs-Prefix.pch";
				INFOPLIST_FILE = "Breadcrumbs/Breadcrumbs-Info.plist";
				PRODUCT_NAME = "$(TARGET_NAME)";
				VALIDATE_PRODUCT = YES;
				WRAPPER_EXTENSION = app;
			};
			name = Release;
		};
/* End XCBuildConfiguration section */

/* Begin XCConfigurationList section */
		66FF1DAF13879AEF009E4F89 /* Build configuration list for PBXProject "Breadcrumbs" */ = {
			isa = XCConfigurationList;
			buildConfigurations = (
				66FF1DD313879AEF009E4F89 /* Debug */,
				66FF1DD413879AEF009E4F89 /* Release */,
			);
			defaultConfigurationIsVisible = 0;
			defaultConfigurationName = Release;
		};
		66FF1DD513879AEF009E4F89 /* Build configuration list for PBXNativeTarget "Breadcrumbs" */ = {
			isa = XCConfigurationList;
			buildConfigurations = (
				66FF1DD613879AEF009E4F89 /* Debug */,
				66FF1DD713879AEF009E4F89 /* Release */,
			);
			defaultConfigurationIsVisible = 0;
		};
/* End XCConfigurationList section */

/* Begin XCVersionGroup section */
		66FF1DD013879AEF009E4F89 /* Breadcrumbs.xcdatamodeld */ = {
			isa = XCVersionGroup;
			children = (
				66FF1DD113879AEF009E4F89 /* Breadcrumbs.xcdatamodel */,
			);
			currentVersion = 66FF1DD113879AEF009E4F89 /* Breadcrumbs.xcdatamodel */;
			path = Breadcrumbs.xcdatamodeld;
			sourceTree = "<group>";
			versionGroupType = wrapper.xcdatamodel;
		};
/* End XCVersionGroup section */
	};
	rootObject = 66FF1DAC13879AEF009E4F89 /* Project object */;
}
