// !$*UTF8*$!
{
	archiveVersion = 1;
	classes = {
	};
	objectVersion = 46;
	objects = {

/* Begin PBXBuildFile section */
		664621DA1388D13D0041FC2C /* MapKit.framework in Frameworks */ = {isa = PBXBuildFile; fileRef = 664621D91388D13D0041FC2C /* MapKit.framework */; };
		664621DC1388D15D0041FC2C /* CoreLocation.framework in Frameworks */ = {isa = PBXBuildFile; fileRef = 664621DB1388D15D0041FC2C /* CoreLocation.framework */; };
		664621E31388D3DE0041FC2C /* 73-radar.png in Resources */ = {isa = PBXBuildFile; fileRef = 664621E11388D3DE0041FC2C /* 73-radar.png */; };
		664621E41388D3DE0041FC2C /* 73-radar@2x.png in Resources */ = {isa = PBXBuildFile; fileRef = 664621E21388D3DE0041FC2C /* 73-radar@2x.png */; };
		664621EB1388D4B90041FC2C /* 15-tags.png in Resources */ = {isa = PBXBuildFile; fileRef = 664621E91388D4B80041FC2C /* 15-tags.png */; };
		664621EC1388D4B90041FC2C /* 15-tags@2x.png in Resources */ = {isa = PBXBuildFile; fileRef = 664621EA1388D4B80041FC2C /* 15-tags@2x.png */; };
		664621EF1388D5BB0041FC2C /* 164-glasses-2.png in Resources */ = {isa = PBXBuildFile; fileRef = 664621ED1388D5BB0041FC2C /* 164-glasses-2.png */; };
		664621F01388D5BB0041FC2C /* 164-glasses-2@2x.png in Resources */ = {isa = PBXBuildFile; fileRef = 664621EE1388D5BB0041FC2C /* 164-glasses-2@2x.png */; };
		664C25D11389ABD000180B92 /* NearbyViewController.m in Sources */ = {isa = PBXBuildFile; fileRef = 664C25D01389ABD000180B92 /* NearbyViewController.m */; };
		664C25D81389B3DE00180B92 /* Note_MKAnnotation.m in Sources */ = {isa = PBXBuildFile; fileRef = 664C25D71389B3DE00180B92 /* Note_MKAnnotation.m */; };
		66586CD41394601700A934EF /* trash.png in Resources */ = {isa = PBXBuildFile; fileRef = 66586CD21394601700A934EF /* trash.png */; };
		66586CD51394601700A934EF /* trash@2x.png in Resources */ = {isa = PBXBuildFile; fileRef = 66586CD31394601700A934EF /* trash@2x.png */; };
		66586CDD13948EA400A934EF /* Attachment.m in Sources */ = {isa = PBXBuildFile; fileRef = 66586CDC13948EA400A934EF /* Attachment.m */; };
		665F2915138D098F004D628B /* 07-map-marker.png in Resources */ = {isa = PBXBuildFile; fileRef = 665F2913138D098F004D628B /* 07-map-marker.png */; };
		665F2916138D098F004D628B /* 07-map-marker@2x.png in Resources */ = {isa = PBXBuildFile; fileRef = 665F2914138D098F004D628B /* 07-map-marker@2x.png */; };
		666BD509138F403A00989A43 /* NoteViewController.m in Sources */ = {isa = PBXBuildFile; fileRef = 666BD507138F403A00989A43 /* NoteViewController.m */; };
		666BD50A138F403A00989A43 /* NoteViewController.xib in Resources */ = {isa = PBXBuildFile; fileRef = 666BD508138F403A00989A43 /* NoteViewController.xib */; };
		6696B79713904F43005632EC /* QuartzCore.framework in Frameworks */ = {isa = PBXBuildFile; fileRef = 6696B79613904F43005632EC /* QuartzCore.framework */; };
		6696B7A213905EA7005632EC /* MobileCoreServices.framework in Frameworks */ = {isa = PBXBuildFile; fileRef = 6696B7A113905EA7005632EC /* MobileCoreServices.framework */; };
		6696B7B113907805005632EC /* 86-camera.png in Resources */ = {isa = PBXBuildFile; fileRef = 6696B7AF13907805005632EC /* 86-camera.png */; };
		6696B7B213907805005632EC /* 86-camera@2x.png in Resources */ = {isa = PBXBuildFile; fileRef = 6696B7B013907805005632EC /* 86-camera@2x.png */; };
		6696B7B51390CEF8005632EC /* Attachment_Create.m in Sources */ = {isa = PBXBuildFile; fileRef = 6696B7B41390CEF8005632EC /* Attachment_Create.m */; };
		669A9AD0138CB1FB009F56F2 /* mini-location-arrow-white.png in Resources */ = {isa = PBXBuildFile; fileRef = 669A9ACE138CB1FB009F56F2 /* mini-location-arrow-white.png */; };
		669A9AD1138CB1FB009F56F2 /* mini-location-arrow-white@2x.png in Resources */ = {isa = PBXBuildFile; fileRef = 669A9ACF138CB1FB009F56F2 /* mini-location-arrow-white@2x.png */; };
		669A9AED138CC0FE009F56F2 /* ActionSheetPicker.m in Sources */ = {isa = PBXBuildFile; fileRef = 669A9AEC138CC0FE009F56F2 /* ActionSheetPicker.m */; };
		66B0A261138A6186001D2280 /* NoteCell.m in Sources */ = {isa = PBXBuildFile; fileRef = 66B0A260138A6186001D2280 /* NoteCell.m */; };
		66B0A265138A61C6001D2280 /* NoteCellView.m in Sources */ = {isa = PBXBuildFile; fileRef = 66B0A264138A61C6001D2280 /* NoteCellView.m */; };
		66DCEBC3138F7C4B008429A8 /* NoteEditorViewController.m in Sources */ = {isa = PBXBuildFile; fileRef = 66DCEBC1138F7C4B008429A8 /* NoteEditorViewController.m */; };
		66DCEBC4138F7C4B008429A8 /* NoteEditorViewController.xib in Resources */ = {isa = PBXBuildFile; fileRef = 66DCEBC2138F7C4B008429A8 /* NoteEditorViewController.xib */; };
		66E922D813949426004571A5 /* NoteMapViewController.m in Sources */ = {isa = PBXBuildFile; fileRef = 66E922D613949426004571A5 /* NoteMapViewController.m */; };
		66E922D913949426004571A5 /* NoteMapViewController.xib in Resources */ = {isa = PBXBuildFile; fileRef = 66E922D713949426004571A5 /* NoteMapViewController.xib */; };
		66E922DC13949459004571A5 /* NoteAttachmentsViewController.m in Sources */ = {isa = PBXBuildFile; fileRef = 66E922DB13949459004571A5 /* NoteAttachmentsViewController.m */; };
		66F40113138F028000240B71 /* NoteManagerViewController.m in Sources */ = {isa = PBXBuildFile; fileRef = 66F40111138F027F00240B71 /* NoteManagerViewController.m */; };
		66F40114138F028000240B71 /* NoteManagerViewController.xib in Resources */ = {isa = PBXBuildFile; fileRef = 66F40112138F027F00240B71 /* NoteManagerViewController.xib */; };
		66FF1DBA13879AEF009E4F89 /* UIKit.framework in Frameworks */ = {isa = PBXBuildFile; fileRef = 66FF1DB913879AEF009E4F89 /* UIKit.framework */; };
		66FF1DBC13879AEF009E4F89 /* Foundation.framework in Frameworks */ = {isa = PBXBuildFile; fileRef = 66FF1DBB13879AEF009E4F89 /* Foundation.framework */; };
		66FF1DBE13879AEF009E4F89 /* CoreGraphics.framework in Frameworks */ = {isa = PBXBuildFile; fileRef = 66FF1DBD13879AEF009E4F89 /* CoreGraphics.framework */; };
		66FF1DC013879AEF009E4F89 /* CoreData.framework in Frameworks */ = {isa = PBXBuildFile; fileRef = 66FF1DBF13879AEF009E4F89 /* CoreData.framework */; };
		66FF1DC613879AEF009E4F89 /* InfoPlist.strings in Resources */ = {isa = PBXBuildFile; fileRef = 66FF1DC413879AEF009E4F89 /* InfoPlist.strings */; };
		66FF1DC913879AEF009E4F89 /* main.m in Sources */ = {isa = PBXBuildFile; fileRef = 66FF1DC813879AEF009E4F89 /* main.m */; };
		66FF1DCC13879AEF009E4F89 /* BreadcrumbsAppDelegate.m in Sources */ = {isa = PBXBuildFile; fileRef = 66FF1DCB13879AEF009E4F89 /* BreadcrumbsAppDelegate.m */; };
		66FF1DCF13879AEF009E4F89 /* MainWindow.xib in Resources */ = {isa = PBXBuildFile; fileRef = 66FF1DCD13879AEF009E4F89 /* MainWindow.xib */; };
		66FF1DD213879AEF009E4F89 /* Breadcrumbs.xcdatamodeld in Sources */ = {isa = PBXBuildFile; fileRef = 66FF1DD013879AEF009E4F89 /* Breadcrumbs.xcdatamodeld */; };
		66FF1DEA1388743B009E4F89 /* 66-microphone.png in Resources */ = {isa = PBXBuildFile; fileRef = 66FF1DE81388743B009E4F89 /* 66-microphone.png */; };
		66FF1DEB1388743B009E4F89 /* 66-microphone@2x.png in Resources */ = {isa = PBXBuildFile; fileRef = 66FF1DE91388743B009E4F89 /* 66-microphone@2x.png */; };
		66FF1DEE1388763C009E4F89 /* 68-paperclip.png in Resources */ = {isa = PBXBuildFile; fileRef = 66FF1DEC1388763C009E4F89 /* 68-paperclip.png */; };
		66FF1DEF1388763C009E4F89 /* 68-paperclip@2x.png in Resources */ = {isa = PBXBuildFile; fileRef = 66FF1DED1388763C009E4F89 /* 68-paperclip@2x.png */; };
		66FF1DF31388768F009E4F89 /* CoreDataTableViewController.m in Sources */ = {isa = PBXBuildFile; fileRef = 66FF1DF21388768F009E4F89 /* CoreDataTableViewController.m */; };
		66FF1E04138899D6009E4F89 /* NotesViewController.m in Sources */ = {isa = PBXBuildFile; fileRef = 66FF1E03138899D6009E4F89 /* NotesViewController.m */; };
		66FF1E2C1388C34E009E4F89 /* Note.m in Sources */ = {isa = PBXBuildFile; fileRef = 66FF1E2B1388C34E009E4F89 /* Note.m */; };
		66FF1E2F1388C34E009E4F89 /* Tag.m in Sources */ = {isa = PBXBuildFile; fileRef = 66FF1E2E1388C34E009E4F89 /* Tag.m */; };
		66FF1E321388C866009E4F89 /* Note_Create.m in Sources */ = {isa = PBXBuildFile; fileRef = 66FF1E311388C866009E4F89 /* Note_Create.m */; };
		66FF1E361388CB9D009E4F89 /* MKMapView_ZoomToFit.m in Sources */ = {isa = PBXBuildFile; fileRef = 66FF1E351388CB9D009E4F89 /* MKMapView_ZoomToFit.m */; };
		66FF1E391388CC30009E4F89 /* NSManagedObjectContext_Autosave.m in Sources */ = {isa = PBXBuildFile; fileRef = 66FF1E381388CC30009E4F89 /* NSManagedObjectContext_Autosave.m */; };
		66FF1E3C1388CF07009E4F89 /* 179-notepad.png in Resources */ = {isa = PBXBuildFile; fileRef = 66FF1E3A1388CF07009E4F89 /* 179-notepad.png */; };
		66FF1E3D1388CF07009E4F89 /* 179-notepad@2x.png in Resources */ = {isa = PBXBuildFile; fileRef = 66FF1E3B1388CF07009E4F89 /* 179-notepad@2x.png */; };
/* End PBXBuildFile section */

/* Begin PBXFileReference section */
		664621D91388D13D0041FC2C /* MapKit.framework */ = {isa = PBXFileReference; lastKnownFileType = wrapper.framework; name = MapKit.framework; path = System/Library/Frameworks/MapKit.framework; sourceTree = SDKROOT; };
		664621DB1388D15D0041FC2C /* CoreLocation.framework */ = {isa = PBXFileReference; lastKnownFileType = wrapper.framework; name = CoreLocation.framework; path = System/Library/Frameworks/CoreLocation.framework; sourceTree = SDKROOT; };
		664621E11388D3DE0041FC2C /* 73-radar.png */ = {isa = PBXFileReference; lastKnownFileType = image.png; path = "73-radar.png"; sourceTree = "<group>"; };
		664621E21388D3DE0041FC2C /* 73-radar@2x.png */ = {isa = PBXFileReference; lastKnownFileType = image.png; path = "73-radar@2x.png"; sourceTree = "<group>"; };
		664621E91388D4B80041FC2C /* 15-tags.png */ = {isa = PBXFileReference; lastKnownFileType = image.png; path = "15-tags.png"; sourceTree = "<group>"; };
		664621EA1388D4B80041FC2C /* 15-tags@2x.png */ = {isa = PBXFileReference; lastKnownFileType = image.png; path = "15-tags@2x.png"; sourceTree = "<group>"; };
		664621ED1388D5BB0041FC2C /* 164-glasses-2.png */ = {isa = PBXFileReference; lastKnownFileType = image.png; path = "164-glasses-2.png"; sourceTree = "<group>"; };
		664621EE1388D5BB0041FC2C /* 164-glasses-2@2x.png */ = {isa = PBXFileReference; lastKnownFileType = image.png; path = "164-glasses-2@2x.png"; sourceTree = "<group>"; };
		664C25CF1389ABD000180B92 /* NearbyViewController.h */ = {isa = PBXFileReference; fileEncoding = 4; lastKnownFileType = sourcecode.c.h; path = NearbyViewController.h; sourceTree = "<group>"; };
		664C25D01389ABD000180B92 /* NearbyViewController.m */ = {isa = PBXFileReference; fileEncoding = 4; lastKnownFileType = sourcecode.c.objc; path = NearbyViewController.m; sourceTree = "<group>"; };
		664C25D61389B3DE00180B92 /* Note_MKAnnotation.h */ = {isa = PBXFileReference; fileEncoding = 4; lastKnownFileType = sourcecode.c.h; path = Note_MKAnnotation.h; sourceTree = "<group>"; };
		664C25D71389B3DE00180B92 /* Note_MKAnnotation.m */ = {isa = PBXFileReference; fileEncoding = 4; lastKnownFileType = sourcecode.c.objc; path = Note_MKAnnotation.m; sourceTree = "<group>"; };
		66586CD21394601700A934EF /* trash.png */ = {isa = PBXFileReference; lastKnownFileType = image.png; path = trash.png; sourceTree = "<group>"; };
		66586CD31394601700A934EF /* trash@2x.png */ = {isa = PBXFileReference; lastKnownFileType = image.png; path = "trash@2x.png"; sourceTree = "<group>"; };
		66586CDB13948EA400A934EF /* Attachment.h */ = {isa = PBXFileReference; fileEncoding = 4; lastKnownFileType = sourcecode.c.h; path = Attachment.h; sourceTree = "<group>"; };
		66586CDC13948EA400A934EF /* Attachment.m */ = {isa = PBXFileReference; fileEncoding = 4; lastKnownFileType = sourcecode.c.objc; path = Attachment.m; sourceTree = "<group>"; };
		665F2913138D098F004D628B /* 07-map-marker.png */ = {isa = PBXFileReference; lastKnownFileType = image.png; path = "07-map-marker.png"; sourceTree = "<group>"; };
		665F2914138D098F004D628B /* 07-map-marker@2x.png */ = {isa = PBXFileReference; lastKnownFileType = image.png; path = "07-map-marker@2x.png"; sourceTree = "<group>"; };
		666BD506138F403A00989A43 /* NoteViewController.h */ = {isa = PBXFileReference; fileEncoding = 4; lastKnownFileType = sourcecode.c.h; path = NoteViewController.h; sourceTree = "<group>"; };
		666BD507138F403A00989A43 /* NoteViewController.m */ = {isa = PBXFileReference; fileEncoding = 4; lastKnownFileType = sourcecode.c.objc; path = NoteViewController.m; sourceTree = "<group>"; };
		666BD508138F403A00989A43 /* NoteViewController.xib */ = {isa = PBXFileReference; fileEncoding = 4; lastKnownFileType = file.xib; path = NoteViewController.xib; sourceTree = "<group>"; };
		6696B79613904F43005632EC /* QuartzCore.framework */ = {isa = PBXFileReference; lastKnownFileType = wrapper.framework; name = QuartzCore.framework; path = System/Library/Frameworks/QuartzCore.framework; sourceTree = SDKROOT; };
		6696B7A113905EA7005632EC /* MobileCoreServices.framework */ = {isa = PBXFileReference; lastKnownFileType = wrapper.framework; name = MobileCoreServices.framework; path = System/Library/Frameworks/MobileCoreServices.framework; sourceTree = SDKROOT; };
		6696B7AF13907805005632EC /* 86-camera.png */ = {isa = PBXFileReference; lastKnownFileType = image.png; path = "86-camera.png"; sourceTree = "<group>"; };
		6696B7B013907805005632EC /* 86-camera@2x.png */ = {isa = PBXFileReference; lastKnownFileType = image.png; path = "86-camera@2x.png"; sourceTree = "<group>"; };
		6696B7B31390CEF8005632EC /* Attachment_Create.h */ = {isa = PBXFileReference; fileEncoding = 4; lastKnownFileType = sourcecode.c.h; path = Attachment_Create.h; sourceTree = "<group>"; };
		6696B7B41390CEF8005632EC /* Attachment_Create.m */ = {isa = PBXFileReference; fileEncoding = 4; lastKnownFileType = sourcecode.c.objc; path = Attachment_Create.m; sourceTree = "<group>"; };
		669A9ACE138CB1FB009F56F2 /* mini-location-arrow-white.png */ = {isa = PBXFileReference; lastKnownFileType = image.png; path = "mini-location-arrow-white.png"; sourceTree = "<group>"; };
		669A9ACF138CB1FB009F56F2 /* mini-location-arrow-white@2x.png */ = {isa = PBXFileReference; lastKnownFileType = image.png; path = "mini-location-arrow-white@2x.png"; sourceTree = "<group>"; };
		669A9AEB138CC0FE009F56F2 /* ActionSheetPicker.h */ = {isa = PBXFileReference; fileEncoding = 4; lastKnownFileType = sourcecode.c.h; path = ActionSheetPicker.h; sourceTree = "<group>"; };
		669A9AEC138CC0FE009F56F2 /* ActionSheetPicker.m */ = {isa = PBXFileReference; fileEncoding = 4; lastKnownFileType = sourcecode.c.objc; path = ActionSheetPicker.m; sourceTree = "<group>"; };
		66B0A25F138A6186001D2280 /* NoteCell.h */ = {isa = PBXFileReference; fileEncoding = 4; lastKnownFileType = sourcecode.c.h; path = NoteCell.h; sourceTree = "<group>"; };
		66B0A260138A6186001D2280 /* NoteCell.m */ = {isa = PBXFileReference; fileEncoding = 4; lastKnownFileType = sourcecode.c.objc; path = NoteCell.m; sourceTree = "<group>"; };
		66B0A263138A61C6001D2280 /* NoteCellView.h */ = {isa = PBXFileReference; fileEncoding = 4; lastKnownFileType = sourcecode.c.h; path = NoteCellView.h; sourceTree = "<group>"; };
		66B0A264138A61C6001D2280 /* NoteCellView.m */ = {isa = PBXFileReference; fileEncoding = 4; lastKnownFileType = sourcecode.c.objc; path = NoteCellView.m; sourceTree = "<group>"; };
		66DCEBC0138F7C4B008429A8 /* NoteEditorViewController.h */ = {isa = PBXFileReference; fileEncoding = 4; lastKnownFileType = sourcecode.c.h; path = NoteEditorViewController.h; sourceTree = "<group>"; };
		66DCEBC1138F7C4B008429A8 /* NoteEditorViewController.m */ = {isa = PBXFileReference; fileEncoding = 4; lastKnownFileType = sourcecode.c.objc; path = NoteEditorViewController.m; sourceTree = "<group>"; };
		66DCEBC2138F7C4B008429A8 /* NoteEditorViewController.xib */ = {isa = PBXFileReference; fileEncoding = 4; lastKnownFileType = file.xib; path = NoteEditorViewController.xib; sourceTree = "<group>"; };
		66E922D513949426004571A5 /* NoteMapViewController.h */ = {isa = PBXFileReference; fileEncoding = 4; lastKnownFileType = sourcecode.c.h; path = NoteMapViewController.h; sourceTree = "<group>"; };
		66E922D613949426004571A5 /* NoteMapViewController.m */ = {isa = PBXFileReference; fileEncoding = 4; lastKnownFileType = sourcecode.c.objc; path = NoteMapViewController.m; sourceTree = "<group>"; };
		66E922D713949426004571A5 /* NoteMapViewController.xib */ = {isa = PBXFileReference; fileEncoding = 4; lastKnownFileType = file.xib; path = NoteMapViewController.xib; sourceTree = "<group>"; };
		66E922DA13949459004571A5 /* NoteAttachmentsViewController.h */ = {isa = PBXFileReference; fileEncoding = 4; lastKnownFileType = sourcecode.c.h; path = NoteAttachmentsViewController.h; sourceTree = "<group>"; };
		66E922DB13949459004571A5 /* NoteAttachmentsViewController.m */ = {isa = PBXFileReference; fileEncoding = 4; lastKnownFileType = sourcecode.c.objc; path = NoteAttachmentsViewController.m; sourceTree = "<group>"; };
		66F40110138F027F00240B71 /* NoteManagerViewController.h */ = {isa = PBXFileReference; fileEncoding = 4; lastKnownFileType = sourcecode.c.h; path = NoteManagerViewController.h; sourceTree = "<group>"; };
		66F40111138F027F00240B71 /* NoteManagerViewController.m */ = {isa = PBXFileReference; fileEncoding = 4; lastKnownFileType = sourcecode.c.objc; path = NoteManagerViewController.m; sourceTree = "<group>"; };
		66F40112138F027F00240B71 /* NoteManagerViewController.xib */ = {isa = PBXFileReference; fileEncoding = 4; lastKnownFileType = file.xib; path = NoteManagerViewController.xib; sourceTree = "<group>"; };
		66FF1DB513879AEF009E4F89 /* Breadcrumbs.app */ = {isa = PBXFileReference; explicitFileType = wrapper.application; includeInIndex = 0; path = Breadcrumbs.app; sourceTree = BUILT_PRODUCTS_DIR; };
		66FF1DB913879AEF009E4F89 /* UIKit.framework */ = {isa = PBXFileReference; lastKnownFileType = wrapper.framework; name = UIKit.framework; path = System/Library/Frameworks/UIKit.framework; sourceTree = SDKROOT; };
		66FF1DBB13879AEF009E4F89 /* Foundation.framework */ = {isa = PBXFileReference; lastKnownFileType = wrapper.framework; name = Foundation.framework; path = System/Library/Frameworks/Foundation.framework; sourceTree = SDKROOT; };
		66FF1DBD13879AEF009E4F89 /* CoreGraphics.framework */ = {isa = PBXFileReference; lastKnownFileType = wrapper.framework; name = CoreGraphics.framework; path = System/Library/Frameworks/CoreGraphics.framework; sourceTree = SDKROOT; };
		66FF1DBF13879AEF009E4F89 /* CoreData.framework */ = {isa = PBXFileReference; lastKnownFileType = wrapper.framework; name = CoreData.framework; path = System/Library/Frameworks/CoreData.framework; sourceTree = SDKROOT; };
		66FF1DC313879AEF009E4F89 /* Breadcrumbs-Info.plist */ = {isa = PBXFileReference; lastKnownFileType = text.plist.xml; path = "Breadcrumbs-Info.plist"; sourceTree = "<group>"; };
		66FF1DC513879AEF009E4F89 /* en */ = {isa = PBXFileReference; lastKnownFileType = text.plist.strings; name = en; path = en.lproj/InfoPlist.strings; sourceTree = "<group>"; };
		66FF1DC713879AEF009E4F89 /* Breadcrumbs-Prefix.pch */ = {isa = PBXFileReference; lastKnownFileType = sourcecode.c.h; path = "Breadcrumbs-Prefix.pch"; sourceTree = "<group>"; };
		66FF1DC813879AEF009E4F89 /* main.m */ = {isa = PBXFileReference; lastKnownFileType = sourcecode.c.objc; path = main.m; sourceTree = "<group>"; };
		66FF1DCA13879AEF009E4F89 /* BreadcrumbsAppDelegate.h */ = {isa = PBXFileReference; lastKnownFileType = sourcecode.c.h; path = BreadcrumbsAppDelegate.h; sourceTree = "<group>"; };
		66FF1DCB13879AEF009E4F89 /* BreadcrumbsAppDelegate.m */ = {isa = PBXFileReference; lastKnownFileType = sourcecode.c.objc; path = BreadcrumbsAppDelegate.m; sourceTree = "<group>"; };
		66FF1DCE13879AEF009E4F89 /* en */ = {isa = PBXFileReference; lastKnownFileType = file.xib; name = en; path = en.lproj/MainWindow.xib; sourceTree = "<group>"; };
		66FF1DD113879AEF009E4F89 /* Breadcrumbs.xcdatamodel */ = {isa = PBXFileReference; lastKnownFileType = wrapper.xcdatamodel; path = Breadcrumbs.xcdatamodel; sourceTree = "<group>"; };
		66FF1DE81388743B009E4F89 /* 66-microphone.png */ = {isa = PBXFileReference; lastKnownFileType = image.png; path = "66-microphone.png"; sourceTree = "<group>"; };
		66FF1DE91388743B009E4F89 /* 66-microphone@2x.png */ = {isa = PBXFileReference; lastKnownFileType = image.png; path = "66-microphone@2x.png"; sourceTree = "<group>"; };
		66FF1DEC1388763C009E4F89 /* 68-paperclip.png */ = {isa = PBXFileReference; lastKnownFileType = image.png; path = "68-paperclip.png"; sourceTree = "<group>"; };
		66FF1DED1388763C009E4F89 /* 68-paperclip@2x.png */ = {isa = PBXFileReference; lastKnownFileType = image.png; path = "68-paperclip@2x.png"; sourceTree = "<group>"; };
		66FF1DF11388768F009E4F89 /* CoreDataTableViewController.h */ = {isa = PBXFileReference; fileEncoding = 4; lastKnownFileType = sourcecode.c.h; path = CoreDataTableViewController.h; sourceTree = "<group>"; };
		66FF1DF21388768F009E4F89 /* CoreDataTableViewController.m */ = {isa = PBXFileReference; fileEncoding = 4; lastKnownFileType = sourcecode.c.objc; path = CoreDataTableViewController.m; sourceTree = "<group>"; };
		66FF1E02138899D6009E4F89 /* NotesViewController.h */ = {isa = PBXFileReference; fileEncoding = 4; lastKnownFileType = sourcecode.c.h; path = NotesViewController.h; sourceTree = "<group>"; };
		66FF1E03138899D6009E4F89 /* NotesViewController.m */ = {isa = PBXFileReference; fileEncoding = 4; lastKnownFileType = sourcecode.c.objc; path = NotesViewController.m; sourceTree = "<group>"; };
		66FF1E2A1388C34D009E4F89 /* Note.h */ = {isa = PBXFileReference; fileEncoding = 4; lastKnownFileType = sourcecode.c.h; path = Note.h; sourceTree = "<group>"; };
		66FF1E2B1388C34E009E4F89 /* Note.m */ = {isa = PBXFileReference; fileEncoding = 4; lastKnownFileType = sourcecode.c.objc; path = Note.m; sourceTree = "<group>"; };
		66FF1E2D1388C34E009E4F89 /* Tag.h */ = {isa = PBXFileReference; fileEncoding = 4; lastKnownFileType = sourcecode.c.h; path = Tag.h; sourceTree = "<group>"; };
		66FF1E2E1388C34E009E4F89 /* Tag.m */ = {isa = PBXFileReference; fileEncoding = 4; lastKnownFileType = sourcecode.c.objc; path = Tag.m; sourceTree = "<group>"; };
		66FF1E301388C866009E4F89 /* Note_Create.h */ = {isa = PBXFileReference; fileEncoding = 4; lastKnownFileType = sourcecode.c.h; path = Note_Create.h; sourceTree = "<group>"; };
		66FF1E311388C866009E4F89 /* Note_Create.m */ = {isa = PBXFileReference; fileEncoding = 4; lastKnownFileType = sourcecode.c.objc; path = Note_Create.m; sourceTree = "<group>"; };
		66FF1E341388CB9D009E4F89 /* MKMapView_ZoomToFit.h */ = {isa = PBXFileReference; fileEncoding = 4; lastKnownFileType = sourcecode.c.h; path = MKMapView_ZoomToFit.h; sourceTree = "<group>"; };
		66FF1E351388CB9D009E4F89 /* MKMapView_ZoomToFit.m */ = {isa = PBXFileReference; fileEncoding = 4; lastKnownFileType = sourcecode.c.objc; path = MKMapView_ZoomToFit.m; sourceTree = "<group>"; };
		66FF1E371388CC30009E4F89 /* NSManagedObjectContext_Autosave.h */ = {isa = PBXFileReference; fileEncoding = 4; lastKnownFileType = sourcecode.c.h; path = NSManagedObjectContext_Autosave.h; sourceTree = "<group>"; };
		66FF1E381388CC30009E4F89 /* NSManagedObjectContext_Autosave.m */ = {isa = PBXFileReference; fileEncoding = 4; lastKnownFileType = sourcecode.c.objc; path = NSManagedObjectContext_Autosave.m; sourceTree = "<group>"; };
		66FF1E3A1388CF07009E4F89 /* 179-notepad.png */ = {isa = PBXFileReference; lastKnownFileType = image.png; path = "179-notepad.png"; sourceTree = "<group>"; };
		66FF1E3B1388CF07009E4F89 /* 179-notepad@2x.png */ = {isa = PBXFileReference; lastKnownFileType = image.png; path = "179-notepad@2x.png"; sourceTree = "<group>"; };
/* End PBXFileReference section */

/* Begin PBXFrameworksBuildPhase section */
		66FF1DB213879AEF009E4F89 /* Frameworks */ = {
			isa = PBXFrameworksBuildPhase;
			buildActionMask = 2147483647;
			files = (
				6696B7A213905EA7005632EC /* MobileCoreServices.framework in Frameworks */,
				6696B79713904F43005632EC /* QuartzCore.framework in Frameworks */,
				664621DC1388D15D0041FC2C /* CoreLocation.framework in Frameworks */,
				664621DA1388D13D0041FC2C /* MapKit.framework in Frameworks */,
				66FF1DBA13879AEF009E4F89 /* UIKit.framework in Frameworks */,
				66FF1DBC13879AEF009E4F89 /* Foundation.framework in Frameworks */,
				66FF1DBE13879AEF009E4F89 /* CoreGraphics.framework in Frameworks */,
				66FF1DC013879AEF009E4F89 /* CoreData.framework in Frameworks */,
			);
			runOnlyForDeploymentPostprocessing = 0;
		};
/* End PBXFrameworksBuildPhase section */

/* Begin PBXGroup section */
		664C25C51389AADC00180B92 /* Nearby */ = {
			isa = PBXGroup;
			children = (
				664C25CF1389ABD000180B92 /* NearbyViewController.h */,
				664C25D01389ABD000180B92 /* NearbyViewController.m */,
			);
			name = Nearby;
			sourceTree = "<group>";
		};
		664C25D91389B3E600180B92 /* Note */ = {
			isa = PBXGroup;
			children = (
				66FF1E2A1388C34D009E4F89 /* Note.h */,
				66FF1E2B1388C34E009E4F89 /* Note.m */,
				66FF1E301388C866009E4F89 /* Note_Create.h */,
				66FF1E311388C866009E4F89 /* Note_Create.m */,
				664C25D61389B3DE00180B92 /* Note_MKAnnotation.h */,
				664C25D71389B3DE00180B92 /* Note_MKAnnotation.m */,
			);
			name = Note;
			sourceTree = "<group>";
		};
		664C25DA1389B3F000180B92 /* Attachment */ = {
			isa = PBXGroup;
			children = (
				66586CDB13948EA400A934EF /* Attachment.h */,
				66586CDC13948EA400A934EF /* Attachment.m */,
				6696B7B31390CEF8005632EC /* Attachment_Create.h */,
				6696B7B41390CEF8005632EC /* Attachment_Create.m */,
			);
			name = Attachment;
			sourceTree = "<group>";
		};
		664C25DB1389B3F800180B92 /* Tag */ = {
			isa = PBXGroup;
			children = (
				66FF1E2D1388C34E009E4F89 /* Tag.h */,
				66FF1E2E1388C34E009E4F89 /* Tag.m */,
			);
			name = Tag;
			sourceTree = "<group>";
		};
		66586CDE1394905700A934EF /* Tag Browser */ = {
			isa = PBXGroup;
			children = (
			);
			name = "Tag Browser";
			sourceTree = "<group>";
		};
		665F292E138D20DE004D628B /* Attachments */ = {
			isa = PBXGroup;
			children = (
				66E922DA13949459004571A5 /* NoteAttachmentsViewController.h */,
				66E922DB13949459004571A5 /* NoteAttachmentsViewController.m */,
				66E922CF1394937E004571A5 /* OLD_Manager */,
			);
			name = Attachments;
			sourceTree = "<group>";
		};
		6662771F138C760500E41287 /* Classes */ = {
			isa = PBXGroup;
			children = (
				66FF1DCA13879AEF009E4F89 /* BreadcrumbsAppDelegate.h */,
				66FF1DCB13879AEF009E4F89 /* BreadcrumbsAppDelegate.m */,
				66FF1E331388CB8D009E4F89 /* Categories */,
				66FF1E0E1388B6FB009E4F89 /* Managed Objects */,
				669A9AEA138CC0DD009F56F2 /* ActionSheetPicker */,
				66FF1DF013887669009E4F89 /* CoreDataTableViewController */,
				66627721138C765D00E41287 /* Main View Controllers */,
			);
			name = Classes;
			sourceTree = "<group>";
		};
		66627721138C765D00E41287 /* Main View Controllers */ = {
			isa = PBXGroup;
			children = (
				664C25C51389AADC00180B92 /* Nearby */,
				66FF1DDF13886E98009E4F89 /* Note Browser */,
				66627722138C78B700E41287 /* Single Note */,
				66586CDE1394905700A934EF /* Tag Browser */,
			);
			name = "Main View Controllers";
			sourceTree = "<group>";
		};
		66627722138C78B700E41287 /* Single Note */ = {
			isa = PBXGroup;
			children = (
				666BD506138F403A00989A43 /* NoteViewController.h */,
				666BD507138F403A00989A43 /* NoteViewController.m */,
				666BD508138F403A00989A43 /* NoteViewController.xib */,
				665F292E138D20DE004D628B /* Attachments */,
				66DCEBBE138F7C2B008429A8 /* Editor */,
				66F40115138F028500240B71 /* Map */,
			);
			name = "Single Note";
			sourceTree = "<group>";
		};
		669A9AEA138CC0DD009F56F2 /* ActionSheetPicker */ = {
			isa = PBXGroup;
			children = (
				669A9AEB138CC0FE009F56F2 /* ActionSheetPicker.h */,
				669A9AEC138CC0FE009F56F2 /* ActionSheetPicker.m */,
			);
			name = ActionSheetPicker;
			sourceTree = "<group>";
		};
		66B0A266138A61ED001D2280 /* Note Cell */ = {
			isa = PBXGroup;
			children = (
				66B0A25F138A6186001D2280 /* NoteCell.h */,
				66B0A260138A6186001D2280 /* NoteCell.m */,
				66B0A263138A61C6001D2280 /* NoteCellView.h */,
				66B0A264138A61C6001D2280 /* NoteCellView.m */,
			);
			name = "Note Cell";
			sourceTree = "<group>";
		};
		66DCEBBE138F7C2B008429A8 /* Editor */ = {
			isa = PBXGroup;
			children = (
				66DCEBC0138F7C4B008429A8 /* NoteEditorViewController.h */,
				66DCEBC1138F7C4B008429A8 /* NoteEditorViewController.m */,
				66DCEBC2138F7C4B008429A8 /* NoteEditorViewController.xib */,
			);
			name = Editor;
			sourceTree = "<group>";
		};
		66E922CF1394937E004571A5 /* OLD_Manager */ = {
			isa = PBXGroup;
			children = (
				66F40110138F027F00240B71 /* NoteManagerViewController.h */,
				66F40111138F027F00240B71 /* NoteManagerViewController.m */,
				66F40112138F027F00240B71 /* NoteManagerViewController.xib */,
			);
			name = OLD_Manager;
			sourceTree = "<group>";
		};
		66F40115138F028500240B71 /* Map */ = {
			isa = PBXGroup;
			children = (
				66E922D513949426004571A5 /* NoteMapViewController.h */,
				66E922D613949426004571A5 /* NoteMapViewController.m */,
				66E922D713949426004571A5 /* NoteMapViewController.xib */,
			);
			name = Map;
			sourceTree = "<group>";
		};
		66FF1DAA13879AEF009E4F89 = {
			isa = PBXGroup;
			children = (
				66FF1DC113879AEF009E4F89 /* Breadcrumbs */,
				66FF1DB813879AEF009E4F89 /* Frameworks */,
				66FF1DB613879AEF009E4F89 /* Products */,
			);
			sourceTree = "<group>";
		};
		66FF1DB613879AEF009E4F89 /* Products */ = {
			isa = PBXGroup;
			children = (
				66FF1DB513879AEF009E4F89 /* Breadcrumbs.app */,
			);
			name = Products;
			sourceTree = "<group>";
		};
		66FF1DB813879AEF009E4F89 /* Frameworks */ = {
			isa = PBXGroup;
			children = (
				66FF1DBF13879AEF009E4F89 /* CoreData.framework */,
				66FF1DBD13879AEF009E4F89 /* CoreGraphics.framework */,
				664621DB1388D15D0041FC2C /* CoreLocation.framework */,
				66FF1DBB13879AEF009E4F89 /* Foundation.framework */,
				664621D91388D13D0041FC2C /* MapKit.framework */,
				6696B7A113905EA7005632EC /* MobileCoreServices.framework */,
				6696B79613904F43005632EC /* QuartzCore.framework */,
				66FF1DB913879AEF009E4F89 /* UIKit.framework */,
			);
			name = Frameworks;
			sourceTree = "<group>";
		};
		66FF1DC113879AEF009E4F89 /* Breadcrumbs */ = {
			isa = PBXGroup;
			children = (
				66FF1E0D13889E7C009E4F89 /* Assets */,
				6662771F138C760500E41287 /* Classes */,
				66FF1DCD13879AEF009E4F89 /* MainWindow.xib */,
				66FF1DD013879AEF009E4F89 /* Breadcrumbs.xcdatamodeld */,
				66FF1DC213879AEF009E4F89 /* Supporting Files */,
			);
			path = Breadcrumbs;
			sourceTree = "<group>";
		};
		66FF1DC213879AEF009E4F89 /* Supporting Files */ = {
			isa = PBXGroup;
			children = (
				66FF1DC313879AEF009E4F89 /* Breadcrumbs-Info.plist */,
				66FF1DC413879AEF009E4F89 /* InfoPlist.strings */,
				66FF1DC713879AEF009E4F89 /* Breadcrumbs-Prefix.pch */,
				66FF1DC813879AEF009E4F89 /* main.m */,
			);
			name = "Supporting Files";
			sourceTree = "<group>";
		};
		66FF1DDF13886E98009E4F89 /* Note Browser */ = {
			isa = PBXGroup;
			children = (
				66FF1E02138899D6009E4F89 /* NotesViewController.h */,
				66FF1E03138899D6009E4F89 /* NotesViewController.m */,
				66B0A266138A61ED001D2280 /* Note Cell */,
			);
			name = "Note Browser";
			sourceTree = "<group>";
		};
		66FF1DF013887669009E4F89 /* CoreDataTableViewController */ = {
			isa = PBXGroup;
			children = (
				66FF1DF11388768F009E4F89 /* CoreDataTableViewController.h */,
				66FF1DF21388768F009E4F89 /* CoreDataTableViewController.m */,
			);
			name = CoreDataTableViewController;
			sourceTree = "<group>";
		};
		66FF1E0D13889E7C009E4F89 /* Assets */ = {
			isa = PBXGroup;
			children = (
				665F2913138D098F004D628B /* 07-map-marker.png */,
				665F2914138D098F004D628B /* 07-map-marker@2x.png */,
				664621E91388D4B80041FC2C /* 15-tags.png */,
				664621EA1388D4B80041FC2C /* 15-tags@2x.png */,
				66FF1DE81388743B009E4F89 /* 66-microphone.png */,
				66FF1DE91388743B009E4F89 /* 66-microphone@2x.png */,
				66FF1DEC1388763C009E4F89 /* 68-paperclip.png */,
				66FF1DED1388763C009E4F89 /* 68-paperclip@2x.png */,
				664621E11388D3DE0041FC2C /* 73-radar.png */,
				664621E21388D3DE0041FC2C /* 73-radar@2x.png */,
				6696B7AF13907805005632EC /* 86-camera.png */,
				6696B7B013907805005632EC /* 86-camera@2x.png */,
				664621ED1388D5BB0041FC2C /* 164-glasses-2.png */,
				664621EE1388D5BB0041FC2C /* 164-glasses-2@2x.png */,
				66FF1E3A1388CF07009E4F89 /* 179-notepad.png */,
				66FF1E3B1388CF07009E4F89 /* 179-notepad@2x.png */,
				669A9ACE138CB1FB009F56F2 /* mini-location-arrow-white.png */,
				669A9ACF138CB1FB009F56F2 /* mini-location-arrow-white@2x.png */,
				66586CD21394601700A934EF /* trash.png */,
				66586CD31394601700A934EF /* trash@2x.png */,
			);
			name = Assets;
			sourceTree = "<group>";
		};
		66FF1E0E1388B6FB009E4F89 /* Managed Objects */ = {
			isa = PBXGroup;
			children = (
				664C25DA1389B3F000180B92 /* Attachment */,
				664C25D91389B3E600180B92 /* Note */,
				664C25DB1389B3F800180B92 /* Tag */,
			);
			name = "Managed Objects";
			sourceTree = "<group>";
		};
		66FF1E331388CB8D009E4F89 /* Categories */ = {
			isa = PBXGroup;
			children = (
				66FF1E341388CB9D009E4F89 /* MKMapView_ZoomToFit.h */,
				66FF1E351388CB9D009E4F89 /* MKMapView_ZoomToFit.m */,
				66FF1E371388CC30009E4F89 /* NSManagedObjectContext_Autosave.h */,
				66FF1E381388CC30009E4F89 /* NSManagedObjectContext_Autosave.m */,
			);
			name = Categories;
			sourceTree = "<group>";
		};
/* End PBXGroup section */

/* Begin PBXNativeTarget section */
		66FF1DB413879AEF009E4F89 /* Breadcrumbs */ = {
			isa = PBXNativeTarget;
			buildConfigurationList = 66FF1DD513879AEF009E4F89 /* Build configuration list for PBXNativeTarget "Breadcrumbs" */;
			buildPhases = (
				66FF1DB113879AEF009E4F89 /* Sources */,
				66FF1DB213879AEF009E4F89 /* Frameworks */,
				66FF1DB313879AEF009E4F89 /* Resources */,
			);
			buildRules = (
			);
			dependencies = (
			);
			name = Breadcrumbs;
			productName = Breadcrumbs;
			productReference = 66FF1DB513879AEF009E4F89 /* Breadcrumbs.app */;
			productType = "com.apple.product-type.application";
		};
/* End PBXNativeTarget section */

/* Begin PBXProject section */
		66FF1DAC13879AEF009E4F89 /* Project object */ = {
			isa = PBXProject;
			buildConfigurationList = 66FF1DAF13879AEF009E4F89 /* Build configuration list for PBXProject "Breadcrumbs" */;
			compatibilityVersion = "Xcode 3.2";
			developmentRegion = English;
			hasScannedForEncodings = 0;
			knownRegions = (
				en,
			);
			mainGroup = 66FF1DAA13879AEF009E4F89;
			productRefGroup = 66FF1DB613879AEF009E4F89 /* Products */;
			projectDirPath = "";
			projectRoot = "";
			targets = (
				66FF1DB413879AEF009E4F89 /* Breadcrumbs */,
			);
		};
/* End PBXProject section */

/* Begin PBXResourcesBuildPhase section */
		66FF1DB313879AEF009E4F89 /* Resources */ = {
			isa = PBXResourcesBuildPhase;
			buildActionMask = 2147483647;
			files = (
				66FF1DC613879AEF009E4F89 /* InfoPlist.strings in Resources */,
				66FF1DCF13879AEF009E4F89 /* MainWindow.xib in Resources */,
				66FF1DEA1388743B009E4F89 /* 66-microphone.png in Resources */,
				66FF1DEB1388743B009E4F89 /* 66-microphone@2x.png in Resources */,
				66FF1DEE1388763C009E4F89 /* 68-paperclip.png in Resources */,
				66FF1DEF1388763C009E4F89 /* 68-paperclip@2x.png in Resources */,
				66FF1E3C1388CF07009E4F89 /* 179-notepad.png in Resources */,
				66FF1E3D1388CF07009E4F89 /* 179-notepad@2x.png in Resources */,
				664621E31388D3DE0041FC2C /* 73-radar.png in Resources */,
				664621E41388D3DE0041FC2C /* 73-radar@2x.png in Resources */,
				664621EB1388D4B90041FC2C /* 15-tags.png in Resources */,
				664621EC1388D4B90041FC2C /* 15-tags@2x.png in Resources */,
				664621EF1388D5BB0041FC2C /* 164-glasses-2.png in Resources */,
				664621F01388D5BB0041FC2C /* 164-glasses-2@2x.png in Resources */,
				669A9AD0138CB1FB009F56F2 /* mini-location-arrow-white.png in Resources */,
				669A9AD1138CB1FB009F56F2 /* mini-location-arrow-white@2x.png in Resources */,
				665F2915138D098F004D628B /* 07-map-marker.png in Resources */,
				665F2916138D098F004D628B /* 07-map-marker@2x.png in Resources */,
				66F40114138F028000240B71 /* NoteManagerViewController.xib in Resources */,
				666BD50A138F403A00989A43 /* NoteViewController.xib in Resources */,
				66DCEBC4138F7C4B008429A8 /* NoteEditorViewController.xib in Resources */,
				6696B7B113907805005632EC /* 86-camera.png in Resources */,
				6696B7B213907805005632EC /* 86-camera@2x.png in Resources */,
				66586CD41394601700A934EF /* trash.png in Resources */,
				66586CD51394601700A934EF /* trash@2x.png in Resources */,
				66E922D913949426004571A5 /* NoteMapViewController.xib in Resources */,
			);
			runOnlyForDeploymentPostprocessing = 0;
		};
/* End PBXResourcesBuildPhase section */

/* Begin PBXSourcesBuildPhase section */
		66FF1DB113879AEF009E4F89 /* Sources */ = {
			isa = PBXSourcesBuildPhase;
			buildActionMask = 2147483647;
			files = (
				66FF1DC913879AEF009E4F89 /* main.m in Sources */,
				66FF1DCC13879AEF009E4F89 /* BreadcrumbsAppDelegate.m in Sources */,
				66FF1DD213879AEF009E4F89 /* Breadcrumbs.xcdatamodeld in Sources */,
				66FF1DF31388768F009E4F89 /* CoreDataTableViewController.m in Sources */,
				66FF1E04138899D6009E4F89 /* NotesViewController.m in Sources */,
				66FF1E2C1388C34E009E4F89 /* Note.m in Sources */,
				66FF1E2F1388C34E009E4F89 /* Tag.m in Sources */,
				66FF1E321388C866009E4F89 /* Note_Create.m in Sources */,
				66FF1E361388CB9D009E4F89 /* MKMapView_ZoomToFit.m in Sources */,
				66FF1E391388CC30009E4F89 /* NSManagedObjectContext_Autosave.m in Sources */,
				664C25D11389ABD000180B92 /* NearbyViewController.m in Sources */,
				664C25D81389B3DE00180B92 /* Note_MKAnnotation.m in Sources */,
				66B0A261138A6186001D2280 /* NoteCell.m in Sources */,
				66B0A265138A61C6001D2280 /* NoteCellView.m in Sources */,
				669A9AED138CC0FE009F56F2 /* ActionSheetPicker.m in Sources */,
				66F40113138F028000240B71 /* NoteManagerViewController.m in Sources */,
				666BD509138F403A00989A43 /* NoteViewController.m in Sources */,
				66DCEBC3138F7C4B008429A8 /* NoteEditorViewController.m in Sources */,
				6696B7B51390CEF8005632EC /* Attachment_Create.m in Sources */,
				66586CDD13948EA400A934EF /* Attachment.m in Sources */,
				66E922D813949426004571A5 /* NoteMapViewController.m in Sources */,
				66E922DC13949459004571A5 /* NoteAttachmentsViewController.m in Sources */,
			);
			runOnlyForDeploymentPostprocessing = 0;
		};
/* End PBXSourcesBuildPhase section */

/* Begin PBXVariantGroup section */
		66FF1DC413879AEF009E4F89 /* InfoPlist.strings */ = {
			isa = PBXVariantGroup;
			children = (
				66FF1DC513879AEF009E4F89 /* en */,
			);
			name = InfoPlist.strings;
			sourceTree = "<group>";
		};
		66FF1DCD13879AEF009E4F89 /* MainWindow.xib */ = {
			isa = PBXVariantGroup;
			children = (
				66FF1DCE13879AEF009E4F89 /* en */,
			);
			name = MainWindow.xib;
			sourceTree = "<group>";
		};
/* End PBXVariantGroup section */

/* Begin XCBuildConfiguration section */
		66FF1DD313879AEF009E4F89 /* Debug */ = {
			isa = XCBuildConfiguration;
			buildSettings = {
				ARCHS = "$(ARCHS_STANDARD_32_BIT)";
				CODE_SIGN_IDENTITY = "iPhone Developer: Adam Rothman (GYW3E4YXDF)";
				"CODE_SIGN_IDENTITY[sdk=iphoneos*]" = "iPhone Developer";
				GCC_C_LANGUAGE_STANDARD = gnu99;
				GCC_OPTIMIZATION_LEVEL = 0;
				GCC_PREPROCESSOR_DEFINITIONS = DEBUG;
				GCC_SYMBOLS_PRIVATE_EXTERN = NO;
				GCC_VERSION = com.apple.compilers.llvm.clang.1_0;
				GCC_WARN_ABOUT_RETURN_TYPE = YES;
				GCC_WARN_UNUSED_VARIABLE = YES;
				IPHONEOS_DEPLOYMENT_TARGET = 4.3;
				PROVISIONING_PROFILE = "91970CA1-9A04-4E2E-9AF2-280B7E1BCDBE";
				SDKROOT = iphoneos;
			};
			name = Debug;
		};
		66FF1DD413879AEF009E4F89 /* Release */ = {
			isa = XCBuildConfiguration;
			buildSettings = {
				ARCHS = "$(ARCHS_STANDARD_32_BIT)";
				CODE_SIGN_IDENTITY = "iPhone Developer: Adam Rothman (GYW3E4YXDF)";
				"CODE_SIGN_IDENTITY[sdk=iphoneos*]" = "iPhone Developer";
				GCC_C_LANGUAGE_STANDARD = gnu99;
				GCC_VERSION = com.apple.compilers.llvm.clang.1_0;
				GCC_WARN_ABOUT_RETURN_TYPE = YES;
				GCC_WARN_UNUSED_VARIABLE = YES;
				IPHONEOS_DEPLOYMENT_TARGET = 4.3;
				OTHER_CFLAGS = "-DNS_BLOCK_ASSERTIONS=1";
				PROVISIONING_PROFILE = "91970CA1-9A04-4E2E-9AF2-280B7E1BCDBE";
				SDKROOT = iphoneos;
			};
			name = Release;
		};
		66FF1DD613879AEF009E4F89 /* Debug */ = {
			isa = XCBuildConfiguration;
			buildSettings = {
				ALWAYS_SEARCH_USER_PATHS = NO;
				COPY_PHASE_STRIP = NO;
				GCC_DYNAMIC_NO_PIC = NO;
				GCC_PRECOMPILE_PREFIX_HEADER = YES;
				GCC_PREFIX_HEADER = "Breadcrumbs/Breadcrumbs-Prefix.pch";
				INFOPLIST_FILE = "Breadcrumbs/Breadcrumbs-Info.plist";
				LIBRARY_SEARCH_PATHS = "$(inherited)";
				PRODUCT_NAME = "$(TARGET_NAME)";
				WRAPPER_EXTENSION = app;
			};
			name = Debug;
		};
		66FF1DD713879AEF009E4F89 /* Release */ = {
			isa = XCBuildConfiguration;
			buildSettings = {
				ALWAYS_SEARCH_USER_PATHS = NO;
				COPY_PHASE_STRIP = YES;
				GCC_PRECOMPILE_PREFIX_HEADER = YES;
				GCC_PREFIX_HEADER = "Breadcrumbs/Breadcrumbs-Prefix.pch";
				INFOPLIST_FILE = "Breadcrumbs/Breadcrumbs-Info.plist";
				LIBRARY_SEARCH_PATHS = "$(inherited)";
				PRODUCT_NAME = "$(TARGET_NAME)";
				VALIDATE_PRODUCT = YES;
				WRAPPER_EXTENSION = app;
			};
			name = Release;
		};
/* End XCBuildConfiguration section */

/* Begin XCConfigurationList section */
		66FF1DAF13879AEF009E4F89 /* Build configuration list for PBXProject "Breadcrumbs" */ = {
			isa = XCConfigurationList;
			buildConfigurations = (
				66FF1DD313879AEF009E4F89 /* Debug */,
				66FF1DD413879AEF009E4F89 /* Release */,
			);
			defaultConfigurationIsVisible = 0;
			defaultConfigurationName = Release;
		};
		66FF1DD513879AEF009E4F89 /* Build configuration list for PBXNativeTarget "Breadcrumbs" */ = {
			isa = XCConfigurationList;
			buildConfigurations = (
				66FF1DD613879AEF009E4F89 /* Debug */,
				66FF1DD713879AEF009E4F89 /* Release */,
			);
			defaultConfigurationIsVisible = 0;
			defaultConfigurationName = Release;
		};
/* End XCConfigurationList section */

/* Begin XCVersionGroup section */
		66FF1DD013879AEF009E4F89 /* Breadcrumbs.xcdatamodeld */ = {
			isa = XCVersionGroup;
			children = (
				66FF1DD113879AEF009E4F89 /* Breadcrumbs.xcdatamodel */,
			);
			currentVersion = 66FF1DD113879AEF009E4F89 /* Breadcrumbs.xcdatamodel */;
			path = Breadcrumbs.xcdatamodeld;
			sourceTree = "<group>";
			versionGroupType = wrapper.xcdatamodel;
		};
/* End XCVersionGroup section */
	};
	rootObject = 66FF1DAC13879AEF009E4F89 /* Project object */;
}
